PODS:
  - MOBFoundation_IDFA (2.2.3)
  - SMSSDK (2.0.8)

DEPENDENCIES:
  - MOBFoundation_IDFA
  - SMSSDK

SPEC CHECKSUMS:
  MOBFoundation_IDFA: bdc119aa1dd48c741d913695dcecfbef350555df
  SMSSDK: 1fc8500bec6bc36b524e4de7fac4acdb784e0217

PODFILE CHECKSUM: 3041008e4b1f9cc622c0635d6f1886d3b6c0b5c6

COCOAPODS: 1.2.0.beta.1
